
Microsoft Visual Studio Solution File, Format Version 12.00
# Visual Studio Version 17
VisualStudioVersion = 17.3.32929.385
MinimumVisualStudioVersion = 10.0.40219.1
Project("{FAE04EC0-301F-11D3-BF4B-00C04F79EFBC}") = "Pokemon", "Pokemon\Pokemon.csproj", "{0C60A1DC-6B60-43EC-95EB-89EE59CD6B01}"
EndProject
Global
	GlobalSection(SolutionConfigurationPlatforms) = preSolution
		Debug|Any CPU = Debug|Any CPU
		Release|Any CPU = Release|Any CPU
	EndGlobalSection
	GlobalSection(ProjectConfigurationPlatforms) = postSolution
		{0C60A1DC-6B60-43EC-95EB-89EE59CD6B01}.Debug|Any CPU.ActiveCfg = Debug|Any CPU
		{0C60A1DC-6B60-43EC-95EB-89EE59CD6B01}.Debug|Any CPU.Build.0 = Debug|Any CPU
		{0C60A1DC-6B60-43EC-95EB-89EE59CD6B01}.Release|Any CPU.ActiveCfg = Release|Any CPU
		{0C60A1DC-6B60-43EC-95EB-89EE59CD6B01}.Release|Any CPU.Build.0 = Release|Any CPU
	EndGlobalSection
	GlobalSection(SolutionProperties) = preSolution
		HideSolutionNode = FALSE
	EndGlobalSection
	GlobalSection(ExtensibilityGlobals) = postSolution
		SolutionGuid = {EECA4193-9067-41AF-BEBD-68E61C49139D}
	EndGlobalSection
EndGlobal
